// !$*UTF8*$!
{
	archiveVersion = 1;
	classes = {
	};
	objectVersion = 77;
	objects = {

/* Begin PBXContainerItemProxy section */
		B25EE6F92DE31E4500A01077 /* PBXContainerItemProxy */ = {
			isa = PBXContainerItemProxy;
			containerPortal = B25EE6E02DE31E4300A01077 /* Project object */;
			proxyType = 1;
			remoteGlobalIDString = B25EE6E72DE31E4300A01077;
			remoteInfo = "HW1+2";
		};
		B25EE7032DE31E4500A01077 /* PBXContainerItemProxy */ = {
			isa = PBXContainerItemProxy;
			containerPortal = B25EE6E02DE31E4300A01077 /* Project object */;
			proxyType = 1;
			remoteGlobalIDString = B25EE6E72DE31E4300A01077;
			remoteInfo = "HW1+2";
		};
/* End PBXContainerItemProxy section */

/* Begin PBXFileReference section */
		B25EE6E82DE31E4300A01077 /* HW1+2.app */ = {isa = PBXFileReference; explicitFileType = wrapper.application; includeInIndex = 0; path = "HW1+2.app"; sourceTree = BUILT_PRODUCTS_DIR; };
		B25EE6F82DE31E4500A01077 /* HW1+2Tests.xctest */ = {isa = PBXFileReference; explicitFileType = wrapper.cfbundle; includeInIndex = 0; path = "HW1+2Tests.xctest"; sourceTree = BUILT_PRODUCTS_DIR; };
		B25EE7022DE31E4500A01077 /* HW1+2UITests.xctest */ = {isa = PBXFileReference; explicitFileType = wrapper.cfbundle; includeInIndex = 0; path = "HW1+2UITests.xctest"; sourceTree = BUILT_PRODUCTS_DIR; };
/* End PBXFileReference section */

/* Begin PBXFileSystemSynchronizedRootGroup section */
		B25EE6EA2DE31E4300A01077 /* HW1+2 */ = {
			isa = PBXFileSystemSynchronizedRootGroup;
			path = "HW1+2";
			sourceTree = "<group>";
		};
		B25EE6FB2DE31E4500A01077 /* HW1+2Tests */ = {
			isa = PBXFileSystemSynchronizedRootGroup;
			path = "HW1+2Tests";
			sourceTree = "<group>";
		};
		B25EE7052DE31E4500A01077 /* HW1+2UITests */ = {
			isa = PBXFileSystemSynchronizedRootGroup;
			path = "HW1+2UITests";
			sourceTree = "<group>";
		};
/* End PBXFileSystemSynchronizedRootGroup section */

/* Begin PBXFrameworksBuildPhase section */
		B25EE6E52DE31E4300A01077 /* Frameworks */ = {
			isa = PBXFrameworksBuildPhase;
			buildActionMask = 2147483647;
			files = (
			);
			runOnlyForDeploymentPostprocessing = 0;
		};
		B25EE6F52DE31E4500A01077 /* Frameworks */ = {
			isa = PBXFrameworksBuildPhase;
			buildActionMask = 2147483647;
			files = (
			);
			runOnlyForDeploymentPostprocessing = 0;
		};
		B25EE6FF2DE31E4500A01077 /* Frameworks */ = {
			isa = PBXFrameworksBuildPhase;
			buildActionMask = 2147483647;
			files = (
			);
			runOnlyForDeploymentPostprocessing = 0;
		};
/* End PBXFrameworksBuildPhase section */

/* Begin PBXGroup section */
		B25EE6DF2DE31E4300A01077 = {
			isa = PBXGroup;
			children = (
				B25EE6EA2DE31E4300A01077 /* HW1+2 */,
				B25EE6FB2DE31E4500A01077 /* HW1+2Tests */,
				B25EE7052DE31E4500A01077 /* HW1+2UITests */,
				B25EE6E92DE31E4300A01077 /* Products */,
			);
			sourceTree = "<group>";
		};
		B25EE6E92DE31E4300A01077 /* Products */ = {
			isa = PBXGroup;
			children = (
				B25EE6E82DE31E4300A01077 /* HW1+2.app */,
				B25EE6F82DE31E4500A01077 /* HW1+2Tests.xctest */,
				B25EE7022DE31E4500A01077 /* HW1+2UITests.xctest */,
			);
			name = Products;
			sourceTree = "<group>";
		};
/* End PBXGroup section */

/* Begin PBXNativeTarget section */
		B25EE6E72DE31E4300A01077 /* HW1+2 */ = {
			isa = PBXNativeTarget;
			buildConfigurationList = B25EE70C2DE31E4500A01077 /* Build configuration list for PBXNativeTarget "HW1+2" */;
			buildPhases = (
				B25EE6E42DE31E4300A01077 /* Sources */,
				B25EE6E52DE31E4300A01077 /* Frameworks */,
				B25EE6E62DE31E4300A01077 /* Resources */,
			);
			buildRules = (
			);
			dependencies = (
			);
			fileSystemSynchronizedGroups = (
				B25EE6EA2DE31E4300A01077 /* HW1+2 */,
			);
			name = "HW1+2";
			packageProductDependencies = (
			);
			productName = "HW1+2";
			productReference = B25EE6E82DE31E4300A01077 /* HW1+2.app */;
			productType = "com.apple.product-type.application";
		};
		B25EE6F72DE31E4500A01077 /* HW1+2Tests */ = {
			isa = PBXNativeTarget;
			buildConfigurationList = B25EE70F2DE31E4500A01077 /* Build configuration list for PBXNativeTarget "HW1+2Tests" */;
			buildPhases = (
				B25EE6F42DE31E4500A01077 /* Sources */,
				B25EE6F52DE31E4500A01077 /* Frameworks */,
				B25EE6F62DE31E4500A01077 /* Resources */,
			);
			buildRules = (
			);
			dependencies = (
				B25EE6FA2DE31E4500A01077 /* PBXTargetDependency */,
			);
			fileSystemSynchronizedGroups = (
				B25EE6FB2DE31E4500A01077 /* HW1+2Tests */,
			);
			name = "HW1+2Tests";
			packageProductDependencies = (
			);
			productName = "HW1+2Tests";
			productReference = B25EE6F82DE31E4500A01077 /* HW1+2Tests.xctest */;
			productType = "com.apple.product-type.bundle.unit-test";
		};
		B25EE7012DE31E4500A01077 /* HW1+2UITests */ = {
			isa = PBXNativeTarget;
			buildConfigurationList = B25EE7122DE31E4500A01077 /* Build configuration list for PBXNativeTarget "HW1+2UITests" */;
			buildPhases = (
				B25EE6FE2DE31E4500A01077 /* Sources */,
				B25EE6FF2DE31E4500A01077 /* Frameworks */,
				B25EE7002DE31E4500A01077 /* Resources */,
			);
			buildRules = (
			);
			dependencies = (
				B25EE7042DE31E4500A01077 /* PBXTargetDependency */,
			);
			fileSystemSynchronizedGroups = (
				B25EE7052DE31E4500A01077 /* HW1+2UITests */,
			);
			name = "HW1+2UITests";
			packageProductDependencies = (
			);
			productName = "HW1+2UITests";
			productReference = B25EE7022DE31E4500A01077 /* HW1+2UITests.xctest */;
			productType = "com.apple.product-type.bundle.ui-testing";
		};
/* End PBXNativeTarget section */

/* Begin PBXProject section */
		B25EE6E02DE31E4300A01077 /* Project object */ = {
			isa = PBXProject;
			attributes = {
				BuildIndependentTargetsInParallel = 1;
				LastSwiftUpdateCheck = 1620;
				LastUpgradeCheck = 1620;
				TargetAttributes = {
					B25EE6E72DE31E4300A01077 = {
						CreatedOnToolsVersion = 16.2;
					};
					B25EE6F72DE31E4500A01077 = {
						CreatedOnToolsVersion = 16.2;
						TestTargetID = B25EE6E72DE31E4300A01077;
					};
					B25EE7012DE31E4500A01077 = {
						CreatedOnToolsVersion = 16.2;
						TestTargetID = B25EE6E72DE31E4300A01077;
					};
				};
			};
			buildConfigurationList = B25EE6E32DE31E4300A01077 /* Build configuration list for PBXProject "HW1+2" */;
			developmentRegion = en;
			hasScannedForEncodings = 0;
			knownRegions = (
				en,
				Base,
			);
			mainGroup = B25EE6DF2DE31E4300A01077;
			minimizedProjectReferenceProxies = 1;
			preferredProjectObjectVersion = 77;
			productRefGroup = B25EE6E92DE31E4300A01077 /* Products */;
			projectDirPath = "";
			projectRoot = "";
			targets = (
				B25EE6E72DE31E4300A01077 /* HW1+2 */,
				B25EE6F72DE31E4500A01077 /* HW1+2Tests */,
				B25EE7012DE31E4500A01077 /* HW1+2UITests */,
			);
		};
/* End PBXProject section */

/* Begin PBXResourcesBuildPhase section */
		B25EE6E62DE31E4300A01077 /* Resources */ = {
			isa = PBXResourcesBuildPhase;
			buildActionMask = 2147483647;
			files = (
			);
			runOnlyForDeploymentPostprocessing = 0;
		};
		B25EE6F62DE31E4500A01077 /* Resources */ = {
			isa = PBXResourcesBuildPhase;
			buildActionMask = 2147483647;
			files = (
			);
			runOnlyForDeploymentPostprocessing = 0;
		};
		B25EE7002DE31E4500A01077 /* Resources */ = {
			isa = PBXResourcesBuildPhase;
			buildActionMask = 2147483647;
			files = (
			);
			runOnlyForDeploymentPostprocessing = 0;
		};
/* End PBXResourcesBuildPhase section */

/* Begin PBXSourcesBuildPhase section */
		B25EE6E42DE31E4300A01077 /* Sources */ = {
			isa = PBXSourcesBuildPhase;
			buildActionMask = 2147483647;
			files = (
			);
			runOnlyForDeploymentPostprocessing = 0;
		};
		B25EE6F42DE31E4500A01077 /* Sources */ = {
			isa = PBXSourcesBuildPhase;
			buildActionMask = 2147483647;
			files = (
			);
			runOnlyForDeploymentPostprocessing = 0;
		};
		B25EE6FE2DE31E4500A01077 /* Sources */ = {
			isa = PBXSourcesBuildPhase;
			buildActionMask = 2147483647;
			files = (
			);
			runOnlyForDeploymentPostprocessing = 0;
		};
/* End PBXSourcesBuildPhase section */

/* Begin PBXTargetDependency section */
		B25EE6FA2DE31E4500A01077 /* PBXTargetDependency */ = {
			isa = PBXTargetDependency;
			target = B25EE6E72DE31E4300A01077 /* HW1+2 */;
			targetProxy = B25EE6F92DE31E4500A01077 /* PBXContainerItemProxy */;
		};
		B25EE7042DE31E4500A01077 /* PBXTargetDependency */ = {
			isa = PBXTargetDependency;
			target = B25EE6E72DE31E4300A01077 /* HW1+2 */;
			targetProxy = B25EE7032DE31E4500A01077 /* PBXContainerItemProxy */;
		};
/* End PBXTargetDependency section */

/* Begin XCBuildConfiguration section */
		B25EE70A2DE31E4500A01077 /* Debug */ = {
			isa = XCBuildConfiguration;
			buildSettings = {
				ALWAYS_SEARCH_USER_PATHS = NO;
				ASSETCATALOG_COMPILER_GENERATE_SWIFT_ASSET_SYMBOL_EXTENSIONS = YES;
				CLANG_ANALYZER_NONNULL = YES;
				CLANG_ANALYZER_NUMBER_OBJECT_CONVERSION = YES_AGGRESSIVE;
				CLANG_CXX_LANGUAGE_STANDARD = "gnu++20";
				CLANG_ENABLE_MODULES = YES;
				CLANG_ENABLE_OBJC_ARC = YES;
				CLANG_ENABLE_OBJC_WEAK = YES;
				CLANG_WARN_BLOCK_CAPTURE_AUTORELEASING = YES;
				CLANG_WARN_BOOL_CONVERSION = YES;
				CLANG_WARN_COMMA = YES;
				CLANG_WARN_CONSTANT_CONVERSION = YES;
				CLANG_WARN_DEPRECATED_OBJC_IMPLEMENTATIONS = YES;
				CLANG_WARN_DIRECT_OBJC_ISA_USAGE = YES_ERROR;
				CLANG_WARN_DOCUMENTATION_COMMENTS = YES;
				CLANG_WARN_EMPTY_BODY = YES;
				CLANG_WARN_ENUM_CONVERSION = YES;
				CLANG_WARN_INFINITE_RECURSION = YES;
				CLANG_WARN_INT_CONVERSION = YES;
				CLANG_WARN_NON_LITERAL_NULL_CONVERSION = YES;
				CLANG_WARN_OBJC_IMPLICIT_RETAIN_SELF = YES;
				CLANG_WARN_OBJC_LITERAL_CONVERSION = YES;
				CLANG_WARN_OBJC_ROOT_CLASS = YES_ERROR;
				CLANG_WARN_QUOTED_INCLUDE_IN_FRAMEWORK_HEADER = YES;
				CLANG_WARN_RANGE_LOOP_ANALYSIS = YES;
				CLANG_WARN_STRICT_PROTOTYPES = YES;
				CLANG_WARN_SUSPICIOUS_MOVE = YES;
				CLANG_WARN_UNGUARDED_AVAILABILITY = YES_AGGRESSIVE;
				CLANG_WARN_UNREACHABLE_CODE = YES;
				CLANG_WARN__DUPLICATE_METHOD_MATCH = YES;
				COPY_PHASE_STRIP = NO;
				DEBUG_INFORMATION_FORMAT = dwarf;
				ENABLE_STRICT_OBJC_MSGSEND = YES;
				ENABLE_TESTABILITY = YES;
				ENABLE_USER_SCRIPT_SANDBOXING = YES;
				GCC_C_LANGUAGE_STANDARD = gnu17;
				GCC_DYNAMIC_NO_PIC = NO;
				GCC_NO_COMMON_BLOCKS = YES;
				GCC_OPTIMIZATION_LEVEL = 0;
				GCC_PREPROCESSOR_DEFINITIONS = (
					"DEBUG=1",
					"$(inherited)",
				);
				GCC_WARN_64_TO_32_BIT_CONVERSION = YES;
				GCC_WARN_ABOUT_RETURN_TYPE = YES_ERROR;
				GCC_WARN_UNDECLARED_SELECTOR = YES;
				GCC_WARN_UNINITIALIZED_AUTOS = YES_AGGRESSIVE;
				GCC_WARN_UNUSED_FUNCTION = YES;
				GCC_WARN_UNUSED_VARIABLE = YES;
				IPHONEOS_DEPLOYMENT_TARGET = 18.2;
				LOCALIZATION_PREFERS_STRING_CATALOGS = YES;
				MTL_ENABLE_DEBUG_INFO = INCLUDE_SOURCE;
				MTL_FAST_MATH = YES;
				ONLY_ACTIVE_ARCH = YES;
				SDKROOT = iphoneos;
				SWIFT_ACTIVE_COMPILATION_CONDITIONS = "DEBUG $(inherited)";
				SWIFT_OPTIMIZATION_LEVEL = "-Onone";
			};
			name = Debug;
		};
		B25EE70B2DE31E4500A01077 /* Release */ = {
			isa = XCBuildConfiguration;
			buildSettings = {
				ALWAYS_SEARCH_USER_PATHS = NO;
				ASSETCATALOG_COMPILER_GENERATE_SWIFT_ASSET_SYMBOL_EXTENSIONS = YES;
				CLANG_ANALYZER_NONNULL = YES;
				CLANG_ANALYZER_NUMBER_OBJECT_CONVERSION = YES_AGGRESSIVE;
				CLANG_CXX_LANGUAGE_STANDARD = "gnu++20";
				CLANG_ENABLE_MODULES = YES;
				CLANG_ENABLE_OBJC_ARC = YES;
				CLANG_ENABLE_OBJC_WEAK = YES;
				CLANG_WARN_BLOCK_CAPTURE_AUTORELEASING = YES;
				CLANG_WARN_BOOL_CONVERSION = YES;
				CLANG_WARN_COMMA = YES;
				CLANG_WARN_CONSTANT_CONVERSION = YES;
				CLANG_WARN_DEPRECATED_OBJC_IMPLEMENTATIONS = YES;
				CLANG_WARN_DIRECT_OBJC_ISA_USAGE = YES_ERROR;
				CLANG_WARN_DOCUMENTATION_COMMENTS = YES;
				CLANG_WARN_EMPTY_BODY = YES;
				CLANG_WARN_ENUM_CONVERSION = YES;
				CLANG_WARN_INFINITE_RECURSION = YES;
				CLANG_WARN_INT_CONVERSION = YES;
				CLANG_WARN_NON_LITERAL_NULL_CONVERSION = YES;
				CLANG_WARN_OBJC_IMPLICIT_RETAIN_SELF = YES;
				CLANG_WARN_OBJC_LITERAL_CONVERSION = YES;
				CLANG_WARN_OBJC_ROOT_CLASS = YES_ERROR;
				CLANG_WARN_QUOTED_INCLUDE_IN_FRAMEWORK_HEADER = YES;
				CLANG_WARN_RANGE_LOOP_ANALYSIS = YES;
				CLANG_WARN_STRICT_PROTOTYPES = YES;
				CLANG_WARN_SUSPICIOUS_MOVE = YES;
				CLANG_WARN_UNGUARDED_AVAILABILITY = YES_AGGRESSIVE;
				CLANG_WARN_UNREACHABLE_CODE = YES;
				CLANG_WARN__DUPLICATE_METHOD_MATCH = YES;
				COPY_PHASE_STRIP = NO;
				DEBUG_INFORMATION_FORMAT = "dwarf-with-dsym";
				ENABLE_NS_ASSERTIONS = NO;
				ENABLE_STRICT_OBJC_MSGSEND = YES;
				ENABLE_USER_SCRIPT_SANDBOXING = YES;
				GCC_C_LANGUAGE_STANDARD = gnu17;
				GCC_NO_COMMON_BLOCKS = YES;
				GCC_WARN_64_TO_32_BIT_CONVERSION = YES;
				GCC_WARN_ABOUT_RETURN_TYPE = YES_ERROR;
				GCC_WARN_UNDECLARED_SELECTOR = YES;
				GCC_WARN_UNINITIALIZED_AUTOS = YES_AGGRESSIVE;
				GCC_WARN_UNUSED_FUNCTION = YES;
				GCC_WARN_UNUSED_VARIABLE = YES;
				IPHONEOS_DEPLOYMENT_TARGET = 18.2;
				LOCALIZATION_PREFERS_STRING_CATALOGS = YES;
				MTL_ENABLE_DEBUG_INFO = NO;
				MTL_FAST_MATH = YES;
				SDKROOT = iphoneos;
				SWIFT_COMPILATION_MODE = wholemodule;
				VALIDATE_PRODUCT = YES;
			};
			name = Release;
		};
		B25EE70D2DE31E4500A01077 /* Debug */ = {
			isa = XCBuildConfiguration;
			buildSettings = {
				ASSETCATALOG_COMPILER_APPICON_NAME = AppIcon;
				ASSETCATALOG_COMPILER_GLOBAL_ACCENT_COLOR_NAME = AccentColor;
				CODE_SIGN_STYLE = Automatic;
				CURRENT_PROJECT_VERSION = 1;
				DEVELOPMENT_ASSET_PATHS = "\"HW1+2/Preview Content\"";
				ENABLE_PREVIEWS = YES;
				GENERATE_INFOPLIST_FILE = YES;
				INFOPLIST_KEY_UIApplicationSceneManifest_Generation = YES;
				INFOPLIST_KEY_UIApplicationSupportsIndirectInputEvents = YES;
				INFOPLIST_KEY_UILaunchScreen_Generation = YES;
				INFOPLIST_KEY_UISupportedInterfaceOrientations_iPad = "UIInterfaceOrientationPortrait UIInterfaceOrientationPortraitUpsideDown UIInterfaceOrientationLandscapeLeft UIInterfaceOrientationLandscapeRight";
				INFOPLIST_KEY_UISupportedInterfaceOrientations_iPhone = "UIInterfaceOrientationPortrait UIInterfaceOrientationLandscapeLeft UIInterfaceOrientationLandscapeRight";
				LD_RUNPATH_SEARCH_PATHS = (
					"$(inherited)",
					"@executable_path/Frameworks",
				);
				MARKETING_VERSION = 1.0;
				PRODUCT_BUNDLE_IDENTIFIER = "Aviadkorakin.HW1-2";
				PRODUCT_NAME = "$(TARGET_NAME)";
				SWIFT_EMIT_LOC_STRINGS = YES;
				SWIFT_VERSION = 5.0;
				TARGETED_DEVICE_FAMILY = "1,2";
			};
			name = Debug;
		};
		B25EE70E2DE31E4500A01077 /* Release */ = {
			isa = XCBuildConfiguration;
			buildSettings = {
				ASSETCATALOG_COMPILER_APPICON_NAME = AppIcon;
				ASSETCATALOG_COMPILER_GLOBAL_ACCENT_COLOR_NAME = AccentColor;
				CODE_SIGN_STYLE = Automatic;
				CURRENT_PROJECT_VERSION = 1;
				DEVELOPMENT_ASSET_PATHS = "\"HW1+2/Preview Content\"";
				ENABLE_PREVIEWS = YES;
				GENERATE_INFOPLIST_FILE = YES;
				INFOPLIST_KEY_UIApplicationSceneManifest_Generation = YES;
				INFOPLIST_KEY_UIApplicationSupportsIndirectInputEvents = YES;
				INFOPLIST_KEY_UILaunchScreen_Generation = YES;
				INFOPLIST_KEY_UISupportedInterfaceOrientations_iPad = "UIInterfaceOrientationPortrait UIInterfaceOrientationPortraitUpsideDown UIInterfaceOrientationLandscapeLeft UIInterfaceOrientationLandscapeRight";
				INFOPLIST_KEY_UISupportedInterfaceOrientations_iPhone = "UIInterfaceOrientationPortrait UIInterfaceOrientationLandscapeLeft UIInterfaceOrientationLandscapeRight";
				LD_RUNPATH_SEARCH_PATHS = (
					"$(inherited)",
					"@executable_path/Frameworks",
				);
				MARKETING_VERSION = 1.0;
				PRODUCT_BUNDLE_IDENTIFIER = "Aviadkorakin.HW1-2";
				PRODUCT_NAME = "$(TARGET_NAME)";
				SWIFT_EMIT_LOC_STRINGS = YES;
				SWIFT_VERSION = 5.0;
				TARGETED_DEVICE_FAMILY = "1,2";
			};
			name = Release;
		};
		B25EE7102DE31E4500A01077 /* Debug */ = {
			isa = XCBuildConfiguration;
			buildSettings = {
				BUNDLE_LOADER = "$(TEST_HOST)";
				CODE_SIGN_STYLE = Automatic;
				CURRENT_PROJECT_VERSION = 1;
				GENERATE_INFOPLIST_FILE = YES;
				IPHONEOS_DEPLOYMENT_TARGET = 18.2;
				MARKETING_VERSION = 1.0;
				PRODUCT_BUNDLE_IDENTIFIER = "Aviadkorakin.HW1-2Tests";
				PRODUCT_NAME = "$(TARGET_NAME)";
				SWIFT_EMIT_LOC_STRINGS = NO;
				SWIFT_VERSION = 5.0;
				TARGETED_DEVICE_FAMILY = "1,2";
				TEST_HOST = "$(BUILT_PRODUCTS_DIR)/HW1+2.app/$(BUNDLE_EXECUTABLE_FOLDER_PATH)/HW1+2";
			};
			name = Debug;
		};
		B25EE7112DE31E4500A01077 /* Release */ = {
			isa = XCBuildConfiguration;
			buildSettings = {
				BUNDLE_LOADER = "$(TEST_HOST)";
				CODE_SIGN_STYLE = Automatic;
				CURRENT_PROJECT_VERSION = 1;
				GENERATE_INFOPLIST_FILE = YES;
				IPHONEOS_DEPLOYMENT_TARGET = 18.2;
				MARKETING_VERSION = 1.0;
				PRODUCT_BUNDLE_IDENTIFIER = "Aviadkorakin.HW1-2Tests";
				PRODUCT_NAME = "$(TARGET_NAME)";
				SWIFT_EMIT_LOC_STRINGS = NO;
				SWIFT_VERSION = 5.0;
				TARGETED_DEVICE_FAMILY = "1,2";
				TEST_HOST = "$(BUILT_PRODUCTS_DIR)/HW1+2.app/$(BUNDLE_EXECUTABLE_FOLDER_PATH)/HW1+2";
			};
			name = Release;
		};
		B25EE7132DE31E4500A01077 /* Debug */ = {
			isa = XCBuildConfiguration;
			buildSettings = {
				CODE_SIGN_STYLE = Automatic;
				CURRENT_PROJECT_VERSION = 1;
				GENERATE_INFOPLIST_FILE = YES;
				MARKETING_VERSION = 1.0;
				PRODUCT_BUNDLE_IDENTIFIER = "Aviadkorakin.HW1-2UITests";
				PRODUCT_NAME = "$(TARGET_NAME)";
				SWIFT_EMIT_LOC_STRINGS = NO;
				SWIFT_VERSION = 5.0;
				TARGETED_DEVICE_FAMILY = "1,2";
				TEST_TARGET_NAME = "HW1+2";
			};
			name = Debug;
		};
		B25EE7142DE31E4500A01077 /* Release */ = {
			isa = XCBuildConfiguration;
			buildSettings = {
				CODE_SIGN_STYLE = Automatic;
				CURRENT_PROJECT_VERSION = 1;
				GENERATE_INFOPLIST_FILE = YES;
				MARKETING_VERSION = 1.0;
				PRODUCT_BUNDLE_IDENTIFIER = "Aviadkorakin.HW1-2UITests";
				PRODUCT_NAME = "$(TARGET_NAME)";
				SWIFT_EMIT_LOC_STRINGS = NO;
				SWIFT_VERSION = 5.0;
				TARGETED_DEVICE_FAMILY = "1,2";
				TEST_TARGET_NAME = "HW1+2";
			};
			name = Release;
		};
/* End XCBuildConfiguration section */

/* Begin XCConfigurationList section */
		B25EE6E32DE31E4300A01077 /* Build configuration list for PBXProject "HW1+2" */ = {
			isa = XCConfigurationList;
			buildConfigurations = (
				B25EE70A2DE31E4500A01077 /* Debug */,
				B25EE70B2DE31E4500A01077 /* Release */,
			);
			defaultConfigurationIsVisible = 0;
			defaultConfigurationName = Release;
		};
		B25EE70C2DE31E4500A01077 /* Build configuration list for PBXNativeTarget "HW1+2" */ = {
			isa = XCConfigurationList;
			buildConfigurations = (
				B25EE70D2DE31E4500A01077 /* Debug */,
				B25EE70E2DE31E4500A01077 /* Release */,
			);
			defaultConfigurationIsVisible = 0;
			defaultConfigurationName = Release;
		};
		B25EE70F2DE31E4500A01077 /* Build configuration list for PBXNativeTarget "HW1+2Tests" */ = {
			isa = XCConfigurationList;
			buildConfigurations = (
				B25EE7102DE31E4500A01077 /* Debug */,
				B25EE7112DE31E4500A01077 /* Release */,
			);
			defaultConfigurationIsVisible = 0;
			defaultConfigurationName = Release;
		};
		B25EE7122DE31E4500A01077 /* Build configuration list for PBXNativeTarget "HW1+2UITests" */ = {
			isa = XCConfigurationList;
			buildConfigurations = (
				B25EE7132DE31E4500A01077 /* Debug */,
				B25EE7142DE31E4500A01077 /* Release */,
			);
			defaultConfigurationIsVisible = 0;
			defaultConfigurationName = Release;
		};
/* End XCConfigurationList section */
	};
	rootObject = B25EE6E02DE31E4300A01077 /* Project object */;
}
